// !$*UTF8*$!
{
	archiveVersion = 1;
	classes = {
	};
	objectVersion = 56;
	objects = {

/* Begin PBXBuildFile section */
		5CA3907C2B37132E00A3543C /* mario_party_partyApp.swift in Sources */ = {isa = PBXBuildFile; fileRef = 5CA3907B2B37132E00A3543C /* mario_party_partyApp.swift */; };
		5CA3907E2B37132E00A3543C /* MainView.swift in Sources */ = {isa = PBXBuildFile; fileRef = 5CA3907D2B37132E00A3543C /* MainView.swift */; };
		5CA390802B37133000A3543C /* Assets.xcassets in Resources */ = {isa = PBXBuildFile; fileRef = 5CA3907F2B37133000A3543C /* Assets.xcassets */; };
		5CA390832B37133000A3543C /* Preview Assets.xcassets in Resources */ = {isa = PBXBuildFile; fileRef = 5CA390822B37133000A3543C /* Preview Assets.xcassets */; };
		5CA3908D2B37133000A3543C /* mario_party_partyTests.swift in Sources */ = {isa = PBXBuildFile; fileRef = 5CA3908C2B37133000A3543C /* mario_party_partyTests.swift */; };
		5CA390972B37133000A3543C /* mario_party_partyUITests.swift in Sources */ = {isa = PBXBuildFile; fileRef = 5CA390962B37133000A3543C /* mario_party_partyUITests.swift */; };
		5CA390992B37133000A3543C /* mario_party_partyUITestsLaunchTests.swift in Sources */ = {isa = PBXBuildFile; fileRef = 5CA390982B37133000A3543C /* mario_party_partyUITestsLaunchTests.swift */; };
		5CA390A72B3718FF00A3543C /* FirebaseAnalytics in Frameworks */ = {isa = PBXBuildFile; productRef = 5CA390A62B3718FF00A3543C /* FirebaseAnalytics */; };
		5CA390A92B3718FF00A3543C /* FirebaseFirestore in Frameworks */ = {isa = PBXBuildFile; productRef = 5CA390A82B3718FF00A3543C /* FirebaseFirestore */; };
		5CA390AB2B3881CA00A3543C /* GoogleService-Info.plist in Resources */ = {isa = PBXBuildFile; fileRef = 5CA390AA2B3881CA00A3543C /* GoogleService-Info.plist */; };
		5CA390AE2B38836500A3543C /* UserModel.swift in Sources */ = {isa = PBXBuildFile; fileRef = 5CA390AD2B38836500A3543C /* UserModel.swift */; };
		5CA390B12B38844100A3543C /* User.swift in Sources */ = {isa = PBXBuildFile; fileRef = 5CA390B02B38844100A3543C /* User.swift */; };
		5CA390B42B39E0CA00A3543C /* ScoresView.swift in Sources */ = {isa = PBXBuildFile; fileRef = 5CA390B32B39E0CA00A3543C /* ScoresView.swift */; };
		5CA390B62B3AE1FB00A3543C /* NewResultsView.swift in Sources */ = {isa = PBXBuildFile; fileRef = 5CA390B52B3AE1FB00A3543C /* NewResultsView.swift */; };
		5CA390B82B3C33E700A3543C /* PlayerSlider.swift in Sources */ = {isa = PBXBuildFile; fileRef = 5CA390B72B3C33E700A3543C /* PlayerSlider.swift */; };
		5CA390BB2B3C664E00A3543C /* ScoreModel.swift in Sources */ = {isa = PBXBuildFile; fileRef = 5CA390BA2B3C664E00A3543C /* ScoreModel.swift */; };
		5CA390BD2B3C667800A3543C /* Score.swift in Sources */ = {isa = PBXBuildFile; fileRef = 5CA390BC2B3C667800A3543C /* Score.swift */; };
/* End PBXBuildFile section */

/* Begin PBXContainerItemProxy section */
		5CA390892B37133000A3543C /* PBXContainerItemProxy */ = {
			isa = PBXContainerItemProxy;
			containerPortal = 5CA390702B37132E00A3543C /* Project object */;
			proxyType = 1;
			remoteGlobalIDString = 5CA390772B37132E00A3543C;
			remoteInfo = "mario party party";
		};
		5CA390932B37133000A3543C /* PBXContainerItemProxy */ = {
			isa = PBXContainerItemProxy;
			containerPortal = 5CA390702B37132E00A3543C /* Project object */;
			proxyType = 1;
			remoteGlobalIDString = 5CA390772B37132E00A3543C;
			remoteInfo = "mario party party";
		};
/* End PBXContainerItemProxy section */

/* Begin PBXFileReference section */
		5CA390782B37132E00A3543C /* mario party party.app */ = {isa = PBXFileReference; explicitFileType = wrapper.application; includeInIndex = 0; path = "mario party party.app"; sourceTree = BUILT_PRODUCTS_DIR; };
		5CA3907B2B37132E00A3543C /* mario_party_partyApp.swift */ = {isa = PBXFileReference; lastKnownFileType = sourcecode.swift; path = mario_party_partyApp.swift; sourceTree = "<group>"; };
		5CA3907D2B37132E00A3543C /* MainView.swift */ = {isa = PBXFileReference; lastKnownFileType = sourcecode.swift; path = MainView.swift; sourceTree = "<group>"; };
		5CA3907F2B37133000A3543C /* Assets.xcassets */ = {isa = PBXFileReference; lastKnownFileType = folder.assetcatalog; path = Assets.xcassets; sourceTree = "<group>"; };
		5CA390822B37133000A3543C /* Preview Assets.xcassets */ = {isa = PBXFileReference; lastKnownFileType = folder.assetcatalog; path = "Preview Assets.xcassets"; sourceTree = "<group>"; };
		5CA390882B37133000A3543C /* mario party partyTests.xctest */ = {isa = PBXFileReference; explicitFileType = wrapper.cfbundle; includeInIndex = 0; path = "mario party partyTests.xctest"; sourceTree = BUILT_PRODUCTS_DIR; };
		5CA3908C2B37133000A3543C /* mario_party_partyTests.swift */ = {isa = PBXFileReference; lastKnownFileType = sourcecode.swift; path = mario_party_partyTests.swift; sourceTree = "<group>"; };
		5CA390922B37133000A3543C /* mario party partyUITests.xctest */ = {isa = PBXFileReference; explicitFileType = wrapper.cfbundle; includeInIndex = 0; path = "mario party partyUITests.xctest"; sourceTree = BUILT_PRODUCTS_DIR; };
		5CA390962B37133000A3543C /* mario_party_partyUITests.swift */ = {isa = PBXFileReference; lastKnownFileType = sourcecode.swift; path = mario_party_partyUITests.swift; sourceTree = "<group>"; };
		5CA390982B37133000A3543C /* mario_party_partyUITestsLaunchTests.swift */ = {isa = PBXFileReference; lastKnownFileType = sourcecode.swift; path = mario_party_partyUITestsLaunchTests.swift; sourceTree = "<group>"; };
		5CA390AA2B3881CA00A3543C /* GoogleService-Info.plist */ = {isa = PBXFileReference; fileEncoding = 4; lastKnownFileType = text.plist.xml; path = "GoogleService-Info.plist"; sourceTree = "<group>"; };
		5CA390AD2B38836500A3543C /* UserModel.swift */ = {isa = PBXFileReference; lastKnownFileType = sourcecode.swift; path = UserModel.swift; sourceTree = "<group>"; };
		5CA390B02B38844100A3543C /* User.swift */ = {isa = PBXFileReference; lastKnownFileType = sourcecode.swift; path = User.swift; sourceTree = "<group>"; };
		5CA390B32B39E0CA00A3543C /* ScoresView.swift */ = {isa = PBXFileReference; lastKnownFileType = sourcecode.swift; path = ScoresView.swift; sourceTree = "<group>"; };
		5CA390B52B3AE1FB00A3543C /* NewResultsView.swift */ = {isa = PBXFileReference; lastKnownFileType = sourcecode.swift; path = NewResultsView.swift; sourceTree = "<group>"; };
		5CA390B72B3C33E700A3543C /* PlayerSlider.swift */ = {isa = PBXFileReference; lastKnownFileType = sourcecode.swift; path = PlayerSlider.swift; sourceTree = "<group>"; };
		5CA390BA2B3C664E00A3543C /* ScoreModel.swift */ = {isa = PBXFileReference; lastKnownFileType = sourcecode.swift; path = ScoreModel.swift; sourceTree = "<group>"; };
		5CA390BC2B3C667800A3543C /* Score.swift */ = {isa = PBXFileReference; lastKnownFileType = sourcecode.swift; path = Score.swift; sourceTree = "<group>"; };
/* End PBXFileReference section */

/* Begin PBXFrameworksBuildPhase section */
		5CA390752B37132E00A3543C /* Frameworks */ = {
			isa = PBXFrameworksBuildPhase;
			buildActionMask = 2147483647;
			files = (
				5CA390A72B3718FF00A3543C /* FirebaseAnalytics in Frameworks */,
				5CA390A92B3718FF00A3543C /* FirebaseFirestore in Frameworks */,
			);
			runOnlyForDeploymentPostprocessing = 0;
		};
		5CA390852B37133000A3543C /* Frameworks */ = {
			isa = PBXFrameworksBuildPhase;
			buildActionMask = 2147483647;
			files = (
			);
			runOnlyForDeploymentPostprocessing = 0;
		};
		5CA3908F2B37133000A3543C /* Frameworks */ = {
			isa = PBXFrameworksBuildPhase;
			buildActionMask = 2147483647;
			files = (
			);
			runOnlyForDeploymentPostprocessing = 0;
		};
/* End PBXFrameworksBuildPhase section */

/* Begin PBXGroup section */
		5CA3906F2B37132E00A3543C = {
			isa = PBXGroup;
			children = (
				5CA3907A2B37132E00A3543C /* mario party party */,
				5CA3908B2B37133000A3543C /* mario party partyTests */,
				5CA390952B37133000A3543C /* mario party partyUITests */,
				5CA390792B37132E00A3543C /* Products */,
			);
			sourceTree = "<group>";
		};
		5CA390792B37132E00A3543C /* Products */ = {
			isa = PBXGroup;
			children = (
				5CA390782B37132E00A3543C /* mario party party.app */,
				5CA390882B37133000A3543C /* mario party partyTests.xctest */,
				5CA390922B37133000A3543C /* mario party partyUITests.xctest */,
			);
			name = Products;
			sourceTree = "<group>";
		};
		5CA3907A2B37132E00A3543C /* mario party party */ = {
			isa = PBXGroup;
			children = (
				5CA390B92B3C620E00A3543C /* Components */,
				5CA390AA2B3881CA00A3543C /* GoogleService-Info.plist */,
				5CA3907B2B37132E00A3543C /* mario_party_partyApp.swift */,
				5CA390B22B39826100A3543C /* Views */,
				5CA390AF2B38842400A3543C /* Models */,
				5CA390AC2B38834800A3543C /* ViewModels */,
				5CA3907F2B37133000A3543C /* Assets.xcassets */,
				5CA390812B37133000A3543C /* Preview Content */,
			);
			path = "mario party party";
			sourceTree = "<group>";
		};
		5CA390812B37133000A3543C /* Preview Content */ = {
			isa = PBXGroup;
			children = (
				5CA390822B37133000A3543C /* Preview Assets.xcassets */,
			);
			path = "Preview Content";
			sourceTree = "<group>";
		};
		5CA3908B2B37133000A3543C /* mario party partyTests */ = {
			isa = PBXGroup;
			children = (
				5CA3908C2B37133000A3543C /* mario_party_partyTests.swift */,
			);
			path = "mario party partyTests";
			sourceTree = "<group>";
		};
		5CA390952B37133000A3543C /* mario party partyUITests */ = {
			isa = PBXGroup;
			children = (
				5CA390962B37133000A3543C /* mario_party_partyUITests.swift */,
				5CA390982B37133000A3543C /* mario_party_partyUITestsLaunchTests.swift */,
			);
			path = "mario party partyUITests";
			sourceTree = "<group>";
		};
		5CA390AC2B38834800A3543C /* ViewModels */ = {
			isa = PBXGroup;
			children = (
				5CA390AD2B38836500A3543C /* UserModel.swift */,
				5CA390BA2B3C664E00A3543C /* ScoreModel.swift */,
			);
			path = ViewModels;
			sourceTree = "<group>";
		};
		5CA390AF2B38842400A3543C /* Models */ = {
			isa = PBXGroup;
			children = (
				5CA390B02B38844100A3543C /* User.swift */,
				5CA390BC2B3C667800A3543C /* Score.swift */,
			);
			path = Models;
			sourceTree = "<group>";
		};
		5CA390B22B39826100A3543C /* Views */ = {
			isa = PBXGroup;
			children = (
				5CA3907D2B37132E00A3543C /* MainView.swift */,
				5CA390B32B39E0CA00A3543C /* ScoresView.swift */,
				5CA390B52B3AE1FB00A3543C /* NewResultsView.swift */,
			);
			path = Views;
			sourceTree = "<group>";
		};
		5CA390B92B3C620E00A3543C /* Components */ = {
			isa = PBXGroup;
			children = (
				5CA390B72B3C33E700A3543C /* PlayerSlider.swift */,
			);
			path = Components;
			sourceTree = "<group>";
		};
/* End PBXGroup section */

/* Begin PBXNativeTarget section */
		5CA390772B37132E00A3543C /* mario party party */ = {
			isa = PBXNativeTarget;
			buildConfigurationList = 5CA3909C2B37133000A3543C /* Build configuration list for PBXNativeTarget "mario party party" */;
			buildPhases = (
				5CA390742B37132E00A3543C /* Sources */,
				5CA390752B37132E00A3543C /* Frameworks */,
				5CA390762B37132E00A3543C /* Resources */,
			);
			buildRules = (
			);
			dependencies = (
			);
			name = "mario party party";
			packageProductDependencies = (
				5CA390A62B3718FF00A3543C /* FirebaseAnalytics */,
				5CA390A82B3718FF00A3543C /* FirebaseFirestore */,
			);
			productName = "mario party party";
			productReference = 5CA390782B37132E00A3543C /* mario party party.app */;
			productType = "com.apple.product-type.application";
		};
		5CA390872B37133000A3543C /* mario party partyTests */ = {
			isa = PBXNativeTarget;
			buildConfigurationList = 5CA3909F2B37133000A3543C /* Build configuration list for PBXNativeTarget "mario party partyTests" */;
			buildPhases = (
				5CA390842B37133000A3543C /* Sources */,
				5CA390852B37133000A3543C /* Frameworks */,
				5CA390862B37133000A3543C /* Resources */,
			);
			buildRules = (
			);
			dependencies = (
				5CA3908A2B37133000A3543C /* PBXTargetDependency */,
			);
			name = "mario party partyTests";
			productName = "mario party partyTests";
			productReference = 5CA390882B37133000A3543C /* mario party partyTests.xctest */;
			productType = "com.apple.product-type.bundle.unit-test";
		};
		5CA390912B37133000A3543C /* mario party partyUITests */ = {
			isa = PBXNativeTarget;
			buildConfigurationList = 5CA390A22B37133000A3543C /* Build configuration list for PBXNativeTarget "mario party partyUITests" */;
			buildPhases = (
				5CA3908E2B37133000A3543C /* Sources */,
				5CA3908F2B37133000A3543C /* Frameworks */,
				5CA390902B37133000A3543C /* Resources */,
			);
			buildRules = (
			);
			dependencies = (
				5CA390942B37133000A3543C /* PBXTargetDependency */,
			);
			name = "mario party partyUITests";
			productName = "mario party partyUITests";
			productReference = 5CA390922B37133000A3543C /* mario party partyUITests.xctest */;
			productType = "com.apple.product-type.bundle.ui-testing";
		};
/* End PBXNativeTarget section */

/* Begin PBXProject section */
		5CA390702B37132E00A3543C /* Project object */ = {
			isa = PBXProject;
			attributes = {
				BuildIndependentTargetsInParallel = 1;
				LastSwiftUpdateCheck = 1510;
				LastUpgradeCheck = 1510;
				TargetAttributes = {
					5CA390772B37132E00A3543C = {
						CreatedOnToolsVersion = 15.1;
					};
					5CA390872B37133000A3543C = {
						CreatedOnToolsVersion = 15.1;
						TestTargetID = 5CA390772B37132E00A3543C;
					};
					5CA390912B37133000A3543C = {
						CreatedOnToolsVersion = 15.1;
						TestTargetID = 5CA390772B37132E00A3543C;
					};
				};
			};
			buildConfigurationList = 5CA390732B37132E00A3543C /* Build configuration list for PBXProject "mario party party" */;
			compatibilityVersion = "Xcode 14.0";
			developmentRegion = en;
			hasScannedForEncodings = 0;
			knownRegions = (
				en,
				Base,
			);
			mainGroup = 5CA3906F2B37132E00A3543C;
			packageReferences = (
				5CA390A52B3718FF00A3543C /* XCRemoteSwiftPackageReference "firebase-ios-sdk" */,
			);
			productRefGroup = 5CA390792B37132E00A3543C /* Products */;
			projectDirPath = "";
			projectRoot = "";
			targets = (
				5CA390772B37132E00A3543C /* mario party party */,
				5CA390872B37133000A3543C /* mario party partyTests */,
				5CA390912B37133000A3543C /* mario party partyUITests */,
			);
		};
/* End PBXProject section */

/* Begin PBXResourcesBuildPhase section */
		5CA390762B37132E00A3543C /* Resources */ = {
			isa = PBXResourcesBuildPhase;
			buildActionMask = 2147483647;
			files = (
				5CA390832B37133000A3543C /* Preview Assets.xcassets in Resources */,
				5CA390802B37133000A3543C /* Assets.xcassets in Resources */,
				5CA390AB2B3881CA00A3543C /* GoogleService-Info.plist in Resources */,
			);
			runOnlyForDeploymentPostprocessing = 0;
		};
		5CA390862B37133000A3543C /* Resources */ = {
			isa = PBXResourcesBuildPhase;
			buildActionMask = 2147483647;
			files = (
			);
			runOnlyForDeploymentPostprocessing = 0;
		};
		5CA390902B37133000A3543C /* Resources */ = {
			isa = PBXResourcesBuildPhase;
			buildActionMask = 2147483647;
			files = (
			);
			runOnlyForDeploymentPostprocessing = 0;
		};
/* End PBXResourcesBuildPhase section */

/* Begin PBXSourcesBuildPhase section */
		5CA390742B37132E00A3543C /* Sources */ = {
			isa = PBXSourcesBuildPhase;
			buildActionMask = 2147483647;
			files = (
				5CA390BB2B3C664E00A3543C /* ScoreModel.swift in Sources */,
				5CA390B62B3AE1FB00A3543C /* NewResultsView.swift in Sources */,
				5CA390B12B38844100A3543C /* User.swift in Sources */,
				5CA3907E2B37132E00A3543C /* MainView.swift in Sources */,
				5CA390B42B39E0CA00A3543C /* ScoresView.swift in Sources */,
				5CA390AE2B38836500A3543C /* UserModel.swift in Sources */,
				5CA390B82B3C33E700A3543C /* PlayerSlider.swift in Sources */,
				5CA390BD2B3C667800A3543C /* Score.swift in Sources */,
				5CA3907C2B37132E00A3543C /* mario_party_partyApp.swift in Sources */,
			);
			runOnlyForDeploymentPostprocessing = 0;
		};
		5CA390842B37133000A3543C /* Sources */ = {
			isa = PBXSourcesBuildPhase;
			buildActionMask = 2147483647;
			files = (
				5CA3908D2B37133000A3543C /* mario_party_partyTests.swift in Sources */,
			);
			runOnlyForDeploymentPostprocessing = 0;
		};
		5CA3908E2B37133000A3543C /* Sources */ = {
			isa = PBXSourcesBuildPhase;
			buildActionMask = 2147483647;
			files = (
				5CA390972B37133000A3543C /* mario_party_partyUITests.swift in Sources */,
				5CA390992B37133000A3543C /* mario_party_partyUITestsLaunchTests.swift in Sources */,
			);
			runOnlyForDeploymentPostprocessing = 0;
		};
/* End PBXSourcesBuildPhase section */

/* Begin PBXTargetDependency section */
		5CA3908A2B37133000A3543C /* PBXTargetDependency */ = {
			isa = PBXTargetDependency;
			target = 5CA390772B37132E00A3543C /* mario party party */;
			targetProxy = 5CA390892B37133000A3543C /* PBXContainerItemProxy */;
		};
		5CA390942B37133000A3543C /* PBXTargetDependency */ = {
			isa = PBXTargetDependency;
			target = 5CA390772B37132E00A3543C /* mario party party */;
			targetProxy = 5CA390932B37133000A3543C /* PBXContainerItemProxy */;
		};
/* End PBXTargetDependency section */

/* Begin XCBuildConfiguration section */
		5CA3909A2B37133000A3543C /* Debug */ = {
			isa = XCBuildConfiguration;
			buildSettings = {
				ALWAYS_SEARCH_USER_PATHS = NO;
				ASSETCATALOG_COMPILER_GENERATE_SWIFT_ASSET_SYMBOL_EXTENSIONS = YES;
				CLANG_ANALYZER_NONNULL = YES;
				CLANG_ANALYZER_NUMBER_OBJECT_CONVERSION = YES_AGGRESSIVE;
				CLANG_CXX_LANGUAGE_STANDARD = "gnu++20";
				CLANG_ENABLE_MODULES = YES;
				CLANG_ENABLE_OBJC_ARC = YES;
				CLANG_ENABLE_OBJC_WEAK = YES;
				CLANG_WARN_BLOCK_CAPTURE_AUTORELEASING = YES;
				CLANG_WARN_BOOL_CONVERSION = YES;
				CLANG_WARN_COMMA = YES;
				CLANG_WARN_CONSTANT_CONVERSION = YES;
				CLANG_WARN_DEPRECATED_OBJC_IMPLEMENTATIONS = YES;
				CLANG_WARN_DIRECT_OBJC_ISA_USAGE = YES_ERROR;
				CLANG_WARN_DOCUMENTATION_COMMENTS = YES;
				CLANG_WARN_EMPTY_BODY = YES;
				CLANG_WARN_ENUM_CONVERSION = YES;
				CLANG_WARN_INFINITE_RECURSION = YES;
				CLANG_WARN_INT_CONVERSION = YES;
				CLANG_WARN_NON_LITERAL_NULL_CONVERSION = YES;
				CLANG_WARN_OBJC_IMPLICIT_RETAIN_SELF = YES;
				CLANG_WARN_OBJC_LITERAL_CONVERSION = YES;
				CLANG_WARN_OBJC_ROOT_CLASS = YES_ERROR;
				CLANG_WARN_QUOTED_INCLUDE_IN_FRAMEWORK_HEADER = YES;
				CLANG_WARN_RANGE_LOOP_ANALYSIS = YES;
				CLANG_WARN_STRICT_PROTOTYPES = YES;
				CLANG_WARN_SUSPICIOUS_MOVE = YES;
				CLANG_WARN_UNGUARDED_AVAILABILITY = YES_AGGRESSIVE;
				CLANG_WARN_UNREACHABLE_CODE = YES;
				CLANG_WARN__DUPLICATE_METHOD_MATCH = YES;
				COPY_PHASE_STRIP = NO;
				DEBUG_INFORMATION_FORMAT = dwarf;
				ENABLE_STRICT_OBJC_MSGSEND = YES;
				ENABLE_TESTABILITY = YES;
				ENABLE_USER_SCRIPT_SANDBOXING = YES;
				GCC_C_LANGUAGE_STANDARD = gnu17;
				GCC_DYNAMIC_NO_PIC = NO;
				GCC_NO_COMMON_BLOCKS = YES;
				GCC_OPTIMIZATION_LEVEL = 0;
				GCC_PREPROCESSOR_DEFINITIONS = (
					"DEBUG=1",
					"$(inherited)",
				);
				GCC_WARN_64_TO_32_BIT_CONVERSION = YES;
				GCC_WARN_ABOUT_RETURN_TYPE = YES_ERROR;
				GCC_WARN_UNDECLARED_SELECTOR = YES;
				GCC_WARN_UNINITIALIZED_AUTOS = YES_AGGRESSIVE;
				GCC_WARN_UNUSED_FUNCTION = YES;
				GCC_WARN_UNUSED_VARIABLE = YES;
				IPHONEOS_DEPLOYMENT_TARGET = 17.2;
				LOCALIZATION_PREFERS_STRING_CATALOGS = YES;
				MTL_ENABLE_DEBUG_INFO = INCLUDE_SOURCE;
				MTL_FAST_MATH = YES;
				ONLY_ACTIVE_ARCH = YES;
				SDKROOT = iphoneos;
				SWIFT_ACTIVE_COMPILATION_CONDITIONS = "DEBUG $(inherited)";
				SWIFT_OPTIMIZATION_LEVEL = "-Onone";
			};
			name = Debug;
		};
		5CA3909B2B37133000A3543C /* Release */ = {
			isa = XCBuildConfiguration;
			buildSettings = {
				ALWAYS_SEARCH_USER_PATHS = NO;
				ASSETCATALOG_COMPILER_GENERATE_SWIFT_ASSET_SYMBOL_EXTENSIONS = YES;
				CLANG_ANALYZER_NONNULL = YES;
				CLANG_ANALYZER_NUMBER_OBJECT_CONVERSION = YES_AGGRESSIVE;
				CLANG_CXX_LANGUAGE_STANDARD = "gnu++20";
				CLANG_ENABLE_MODULES = YES;
				CLANG_ENABLE_OBJC_ARC = YES;
				CLANG_ENABLE_OBJC_WEAK = YES;
				CLANG_WARN_BLOCK_CAPTURE_AUTORELEASING = YES;
				CLANG_WARN_BOOL_CONVERSION = YES;
				CLANG_WARN_COMMA = YES;
				CLANG_WARN_CONSTANT_CONVERSION = YES;
				CLANG_WARN_DEPRECATED_OBJC_IMPLEMENTATIONS = YES;
				CLANG_WARN_DIRECT_OBJC_ISA_USAGE = YES_ERROR;
				CLANG_WARN_DOCUMENTATION_COMMENTS = YES;
				CLANG_WARN_EMPTY_BODY = YES;
				CLANG_WARN_ENUM_CONVERSION = YES;
				CLANG_WARN_INFINITE_RECURSION = YES;
				CLANG_WARN_INT_CONVERSION = YES;
				CLANG_WARN_NON_LITERAL_NULL_CONVERSION = YES;
				CLANG_WARN_OBJC_IMPLICIT_RETAIN_SELF = YES;
				CLANG_WARN_OBJC_LITERAL_CONVERSION = YES;
				CLANG_WARN_OBJC_ROOT_CLASS = YES_ERROR;
				CLANG_WARN_QUOTED_INCLUDE_IN_FRAMEWORK_HEADER = YES;
				CLANG_WARN_RANGE_LOOP_ANALYSIS = YES;
				CLANG_WARN_STRICT_PROTOTYPES = YES;
				CLANG_WARN_SUSPICIOUS_MOVE = YES;
				CLANG_WARN_UNGUARDED_AVAILABILITY = YES_AGGRESSIVE;
				CLANG_WARN_UNREACHABLE_CODE = YES;
				CLANG_WARN__DUPLICATE_METHOD_MATCH = YES;
				COPY_PHASE_STRIP = NO;
				DEBUG_INFORMATION_FORMAT = "dwarf-with-dsym";
				ENABLE_NS_ASSERTIONS = NO;
				ENABLE_STRICT_OBJC_MSGSEND = YES;
				ENABLE_USER_SCRIPT_SANDBOXING = YES;
				GCC_C_LANGUAGE_STANDARD = gnu17;
				GCC_NO_COMMON_BLOCKS = YES;
				GCC_WARN_64_TO_32_BIT_CONVERSION = YES;
				GCC_WARN_ABOUT_RETURN_TYPE = YES_ERROR;
				GCC_WARN_UNDECLARED_SELECTOR = YES;
				GCC_WARN_UNINITIALIZED_AUTOS = YES_AGGRESSIVE;
				GCC_WARN_UNUSED_FUNCTION = YES;
				GCC_WARN_UNUSED_VARIABLE = YES;
				IPHONEOS_DEPLOYMENT_TARGET = 17.2;
				LOCALIZATION_PREFERS_STRING_CATALOGS = YES;
				MTL_ENABLE_DEBUG_INFO = NO;
				MTL_FAST_MATH = YES;
				SDKROOT = iphoneos;
				SWIFT_COMPILATION_MODE = wholemodule;
				VALIDATE_PRODUCT = YES;
			};
			name = Release;
		};
		5CA3909D2B37133000A3543C /* Debug */ = {
			isa = XCBuildConfiguration;
			buildSettings = {
				ASSETCATALOG_COMPILER_APPICON_NAME = AppIcon;
				ASSETCATALOG_COMPILER_GLOBAL_ACCENT_COLOR_NAME = AccentColor;
				CODE_SIGN_STYLE = Automatic;
				CURRENT_PROJECT_VERSION = 1;
				DEVELOPMENT_ASSET_PATHS = "\"mario party party/Preview Content\"";
				ENABLE_PREVIEWS = YES;
				GENERATE_INFOPLIST_FILE = YES;
				INFOPLIST_KEY_UIApplicationSceneManifest_Generation = YES;
				INFOPLIST_KEY_UIApplicationSupportsIndirectInputEvents = YES;
				INFOPLIST_KEY_UILaunchScreen_Generation = YES;
				INFOPLIST_KEY_UISupportedInterfaceOrientations_iPad = "UIInterfaceOrientationPortrait UIInterfaceOrientationPortraitUpsideDown UIInterfaceOrientationLandscapeLeft UIInterfaceOrientationLandscapeRight";
				INFOPLIST_KEY_UISupportedInterfaceOrientations_iPhone = "UIInterfaceOrientationPortrait UIInterfaceOrientationLandscapeLeft UIInterfaceOrientationLandscapeRight";
				LD_RUNPATH_SEARCH_PATHS = (
					"$(inherited)",
					"@executable_path/Frameworks",
				);
				MARKETING_VERSION = 1.0;
				PRODUCT_BUNDLE_IDENTIFIER = "com.rovms.mario-party-party";
				PRODUCT_NAME = "$(TARGET_NAME)";
				SWIFT_EMIT_LOC_STRINGS = YES;
				SWIFT_VERSION = 5.0;
				TARGETED_DEVICE_FAMILY = "1,2";
			};
			name = Debug;
		};
		5CA3909E2B37133000A3543C /* Release */ = {
			isa = XCBuildConfiguration;
			buildSettings = {
				ASSETCATALOG_COMPILER_APPICON_NAME = AppIcon;
				ASSETCATALOG_COMPILER_GLOBAL_ACCENT_COLOR_NAME = AccentColor;
				CODE_SIGN_STYLE = Automatic;
				CURRENT_PROJECT_VERSION = 1;
				DEVELOPMENT_ASSET_PATHS = "\"mario party party/Preview Content\"";
				ENABLE_PREVIEWS = YES;
				GENERATE_INFOPLIST_FILE = YES;
				INFOPLIST_KEY_UIApplicationSceneManifest_Generation = YES;
				INFOPLIST_KEY_UIApplicationSupportsIndirectInputEvents = YES;
				INFOPLIST_KEY_UILaunchScreen_Generation = YES;
				INFOPLIST_KEY_UISupportedInterfaceOrientations_iPad = "UIInterfaceOrientationPortrait UIInterfaceOrientationPortraitUpsideDown UIInterfaceOrientationLandscapeLeft UIInterfaceOrientationLandscapeRight";
				INFOPLIST_KEY_UISupportedInterfaceOrientations_iPhone = "UIInterfaceOrientationPortrait UIInterfaceOrientationLandscapeLeft UIInterfaceOrientationLandscapeRight";
				LD_RUNPATH_SEARCH_PATHS = (
					"$(inherited)",
					"@executable_path/Frameworks",
				);
				MARKETING_VERSION = 1.0;
				PRODUCT_BUNDLE_IDENTIFIER = "com.rovms.mario-party-party";
				PRODUCT_NAME = "$(TARGET_NAME)";
				SWIFT_EMIT_LOC_STRINGS = YES;
				SWIFT_VERSION = 5.0;
				TARGETED_DEVICE_FAMILY = "1,2";
			};
			name = Release;
		};
		5CA390A02B37133000A3543C /* Debug */ = {
			isa = XCBuildConfiguration;
			buildSettings = {
				ALWAYS_EMBED_SWIFT_STANDARD_LIBRARIES = YES;
				BUNDLE_LOADER = "$(TEST_HOST)";
				CODE_SIGN_STYLE = Automatic;
				CURRENT_PROJECT_VERSION = 1;
				GENERATE_INFOPLIST_FILE = YES;
				IPHONEOS_DEPLOYMENT_TARGET = 17.2;
				MARKETING_VERSION = 1.0;
				PRODUCT_BUNDLE_IDENTIFIER = "com.rovms.mario-party-partyTests";
				PRODUCT_NAME = "$(TARGET_NAME)";
				SWIFT_EMIT_LOC_STRINGS = NO;
				SWIFT_VERSION = 5.0;
				TARGETED_DEVICE_FAMILY = "1,2";
				TEST_HOST = "$(BUILT_PRODUCTS_DIR)/mario party party.app/$(BUNDLE_EXECUTABLE_FOLDER_PATH)/mario party party";
			};
			name = Debug;
		};
		5CA390A12B37133000A3543C /* Release */ = {
			isa = XCBuildConfiguration;
			buildSettings = {
				ALWAYS_EMBED_SWIFT_STANDARD_LIBRARIES = YES;
				BUNDLE_LOADER = "$(TEST_HOST)";
				CODE_SIGN_STYLE = Automatic;
				CURRENT_PROJECT_VERSION = 1;
				GENERATE_INFOPLIST_FILE = YES;
				IPHONEOS_DEPLOYMENT_TARGET = 17.2;
				MARKETING_VERSION = 1.0;
				PRODUCT_BUNDLE_IDENTIFIER = "com.rovms.mario-party-partyTests";
				PRODUCT_NAME = "$(TARGET_NAME)";
				SWIFT_EMIT_LOC_STRINGS = NO;
				SWIFT_VERSION = 5.0;
				TARGETED_DEVICE_FAMILY = "1,2";
				TEST_HOST = "$(BUILT_PRODUCTS_DIR)/mario party party.app/$(BUNDLE_EXECUTABLE_FOLDER_PATH)/mario party party";
			};
			name = Release;
		};
		5CA390A32B37133000A3543C /* Debug */ = {
			isa = XCBuildConfiguration;
			buildSettings = {
				ALWAYS_EMBED_SWIFT_STANDARD_LIBRARIES = YES;
				CODE_SIGN_STYLE = Automatic;
				CURRENT_PROJECT_VERSION = 1;
				GENERATE_INFOPLIST_FILE = YES;
				MARKETING_VERSION = 1.0;
				PRODUCT_BUNDLE_IDENTIFIER = "com.rovms.mario-party-partyUITests";
				PRODUCT_NAME = "$(TARGET_NAME)";
				SWIFT_EMIT_LOC_STRINGS = NO;
				SWIFT_VERSION = 5.0;
				TARGETED_DEVICE_FAMILY = "1,2";
				TEST_TARGET_NAME = "mario party party";
			};
			name = Debug;
		};
		5CA390A42B37133000A3543C /* Release */ = {
			isa = XCBuildConfiguration;
			buildSettings = {
				ALWAYS_EMBED_SWIFT_STANDARD_LIBRARIES = YES;
				CODE_SIGN_STYLE = Automatic;
				CURRENT_PROJECT_VERSION = 1;
				GENERATE_INFOPLIST_FILE = YES;
				MARKETING_VERSION = 1.0;
				PRODUCT_BUNDLE_IDENTIFIER = "com.rovms.mario-party-partyUITests";
				PRODUCT_NAME = "$(TARGET_NAME)";
				SWIFT_EMIT_LOC_STRINGS = NO;
				SWIFT_VERSION = 5.0;
				TARGETED_DEVICE_FAMILY = "1,2";
				TEST_TARGET_NAME = "mario party party";
			};
			name = Release;
		};
/* End XCBuildConfiguration section */

/* Begin XCConfigurationList section */
		5CA390732B37132E00A3543C /* Build configuration list for PBXProject "mario party party" */ = {
			isa = XCConfigurationList;
			buildConfigurations = (
				5CA3909A2B37133000A3543C /* Debug */,
				5CA3909B2B37133000A3543C /* Release */,
			);
			defaultConfigurationIsVisible = 0;
			defaultConfigurationName = Release;
		};
		5CA3909C2B37133000A3543C /* Build configuration list for PBXNativeTarget "mario party party" */ = {
			isa = XCConfigurationList;
			buildConfigurations = (
				5CA3909D2B37133000A3543C /* Debug */,
				5CA3909E2B37133000A3543C /* Release */,
			);
			defaultConfigurationIsVisible = 0;
			defaultConfigurationName = Release;
		};
		5CA3909F2B37133000A3543C /* Build configuration list for PBXNativeTarget "mario party partyTests" */ = {
			isa = XCConfigurationList;
			buildConfigurations = (
				5CA390A02B37133000A3543C /* Debug */,
				5CA390A12B37133000A3543C /* Release */,
			);
			defaultConfigurationIsVisible = 0;
			defaultConfigurationName = Release;
		};
		5CA390A22B37133000A3543C /* Build configuration list for PBXNativeTarget "mario party partyUITests" */ = {
			isa = XCConfigurationList;
			buildConfigurations = (
				5CA390A32B37133000A3543C /* Debug */,
				5CA390A42B37133000A3543C /* Release */,
			);
			defaultConfigurationIsVisible = 0;
			defaultConfigurationName = Release;
		};
/* End XCConfigurationList section */

/* Begin XCRemoteSwiftPackageReference section */
		5CA390A52B3718FF00A3543C /* XCRemoteSwiftPackageReference "firebase-ios-sdk" */ = {
			isa = XCRemoteSwiftPackageReference;
			repositoryURL = "https://github.com/firebase/firebase-ios-sdk";
			requirement = {
				kind = upToNextMajorVersion;
				minimumVersion = 10.19.1;
			};
		};
/* End XCRemoteSwiftPackageReference section */

/* Begin XCSwiftPackageProductDependency section */
		5CA390A62B3718FF00A3543C /* FirebaseAnalytics */ = {
			isa = XCSwiftPackageProductDependency;
			package = 5CA390A52B3718FF00A3543C /* XCRemoteSwiftPackageReference "firebase-ios-sdk" */;
			productName = FirebaseAnalytics;
		};
		5CA390A82B3718FF00A3543C /* FirebaseFirestore */ = {
			isa = XCSwiftPackageProductDependency;
			package = 5CA390A52B3718FF00A3543C /* XCRemoteSwiftPackageReference "firebase-ios-sdk" */;
			productName = FirebaseFirestore;
		};
/* End XCSwiftPackageProductDependency section */
	};
	rootObject = 5CA390702B37132E00A3543C /* Project object */;
}
